{
    "_meta": {
        "hash": {
            "sha256": "e13b3565bfb7dfc05c521ba15ff30a2e1dc76fbee4f629b216d61117dcbd686c"
        },
        "pipfile-spec": 6,
        "requires": {
            "python_version": "3.6"
        },
        "sources": [
            {
                "name": "pypi",
                "url": "https://pypi.org/simple",
                "verify_ssl": true
            }
        ]
    },
    "default": {
        "aniso8601": {
            "hashes": [
                "sha256:7849749cf00ae0680ad2bdfe4419c7a662bef19c03691a19e008c8b9a5267802",
                "sha256:94f90871fcd314a458a3d4eca1c84448efbd200e86f55fe4c733c7a40149ef50"
            ],
            "version": "==3.0.2"
        },
        "asgiref": {
            "hashes": [
                "sha256:9b05dcd41a6a89ca8c6e7f7e4089c3f3e76b5af60aebb81ae6d455ad81989c97",
                "sha256:b21dc4c43d7aba5a844f4c48b8f49d56277bc34937fd9f9cb93ec97fde7e3082"
            ],
            "markers": "python_version >= '3.5.3'",
            "version": "==2.3.2"
        },
        "async-timeout": {
            "hashes": [
                "sha256:474d4bc64cee20603e225eb1ece15e248962958b45a3648a9f5cc29e827a610c",
                "sha256:b3c0ddc416736619bd4a95ca31de8da6920c3b9a140c64dbef2b2fa7bf521287"
            ],
            "markers": "python_version >= '3.5.3'",
            "version": "==3.0.0"
        },
        "attrs": {
            "hashes": [
                "sha256:4b90b09eeeb9b88c35bc642cbac057e45a5fd85367b985bd2809c62b7b939265",
                "sha256:e0d0eb91441a3b53dab4d9b743eafc1ac44476296a2053b6ca3af0b139faf87b"
            ],
            "version": "==18.1.0"
        },
        "autobahn": {
            "hashes": [
                "sha256:2f41bfc512ec482044fa8cfa74182118dedd87e03b3494472d9ff1b5a1e27d24",
                "sha256:83e050f0e0783646dbf6da60fe837f4f825c241080d2b5f080002ae6885b036f"
            ],
            "version": "==18.6.1"
        },
        "automat": {
            "hashes": [
                "sha256:cbd78b83fa2d81fe2a4d23d258e1661dd7493c9a50ee2f1a5b2cac61c1793b0e",
                "sha256:fdccab66b68498af9ecfa1fa43693abe546014dd25cf28543cbe9d1334916a58"
            ],
            "version": "==0.7.0"
        },
        "channels": {
            "hashes": [
                "sha256:173441ccf2ac3a93c3b4f86135db301cbe95be58f5815c1e071f2e7154c192a2",
                "sha256:3c308108161596ddaa1b9e9f0ed9568a34ee4ebefaa33bc9cc4e941561363add"
            ],
            "index": "pypi",
            "version": "==2.1.2"
        },
        "constantly": {
            "hashes": [
                "sha256:586372eb92059873e29eba4f9dec8381541b4d3834660707faf8ba59146dfc35",
                "sha256:dd2fa9d6b1a51a83f0d7dd76293d734046aa176e384bf6e33b7e44880eb37c5d"
            ],
            "version": "==15.1.0"
        },
        "daphne": {
            "hashes": [
                "sha256:bc49584532b2d52116f9a99af2d45d92092de93ccf2fc36a433eb7155d48b2a3",
                "sha256:da19b36605cc64d1e3a888a95ff90495dcbb75a25cfee173606a7d86112ebbca"
            ],
            "version": "==2.2.1"
        },
        "django": {
            "hashes": [
                "sha256:97886b8a13bbc33bfeba2ff133035d3eca014e2309dff2b6da0bdfc0b8656613",
                "sha256:e900b73beee8977c7b887d90c6c57d68af10066b9dac898e1eaf0f82313de334"
            ],
            "version": "==2.0.7"
        },
        "graphene": {
            "hashes": [
                "sha256:b8ec446d17fa68721636eaad3d6adc1a378cb6323e219814c8f98c9928fc9642",
                "sha256:faa26573b598b22ffd274e2fd7a4c52efa405dcca96e01a62239482246248aa3"
            ],
            "version": "==2.1.3"
        },
        "graphene-django": {
            "hashes": [
                "sha256:6abc3ec4f1dcbd91faeb3ce772b428e431807b8ec474f9dae918cff74bf7f6b1",
                "sha256:b336eecbf03e6fa12a53288d22015c7035727ffaa8fdd89c93fd41d9b942dd91"
            ],
            "index": "pypi",
            "version": "==2.1.0"
        },
        "graphql-core": {
            "hashes": [
                "sha256:889e869be5574d02af77baf1f30b5db9ca2959f1c9f5be7b2863ead5a3ec6181",
                "sha256:9462e22e32c7f03b667373ec0a84d95fba10e8ce2ead08f29fbddc63b671b0c1"
            ],
            "version": "==2.1"
        },
        "graphql-relay": {
            "hashes": [
                "sha256:2716b7245d97091af21abf096fabafac576905096d21ba7118fba722596f65db"
            ],
            "version": "==0.4.5"
        },
        "graphql-ws": {
            "editable": true,
            "path": "./../.."
        },
        "hyperlink": {
            "hashes": [
                "sha256:98da4218a56b448c7ec7d2655cb339af1f7d751cf541469bb4fc28c4a4245b34",
                "sha256:f01b4ff744f14bc5d0a22a6b9f1525ab7d6312cb0ff967f59414bbac52f0a306"
            ],
            "version": "==18.0.0"
        },
        "idna": {
            "hashes": [
                "sha256:156a6814fb5ac1fc6850fb002e0852d56c0c8d2531923a51032d1b70760e186e",
                "sha256:684a38a6f903c1d71d6d5fac066b58d7768af4de2b832e426ec79c30daa94a16"
            ],
            "version": "==2.7"
        },
        "incremental": {
            "hashes": [
                "sha256:717e12246dddf231a349175f48d74d93e2897244939173b01974ab6661406b9f",
                "sha256:7b751696aaf36eebfab537e458929e194460051ccad279c72b755a167eebd4b3"
            ],
            "version": "==17.5.0"
        },
        "iso8601": {
            "hashes": [
                "sha256:210e0134677cc0d02f6028087fee1df1e1d76d372ee1db0bf30bf66c5c1c89a3",
                "sha256:49c4b20e1f38aa5cf109ddcd39647ac419f928512c869dc01d5c7098eddede82",
                "sha256:bbbae5fb4a7abfe71d4688fd64bff70b91bbd74ef6a99d964bab18f7fdf286dd"
            ],
            "version": "==0.1.12"
        },
        "promise": {
            "hashes": [
                "sha256:0bca4ed933e3d50e3d18fb54fc1432fa84b0564838cd093e824abcd718ab9304",
                "sha256:95506bac89df7a495e0b8c813fd782dd1ae590decb52f95248e316c6659ca49b"
            ],
            "version": "==2.1"
        },
        "pyhamcrest": {
            "hashes": [
                "sha256:6b672c02fdf7470df9674ab82263841ce8333fb143f32f021f6cb26f0e512420",
                "sha256:8ffaa0a53da57e89de14ced7185ac746227a8894dbd5a3c718bf05ddbd1d56cd"
            ],
            "version": "==1.9.0"
        },
        "pytz": {
            "hashes": [
                "sha256:a061aa0a9e06881eb8b3b2b43f05b9439d6583c206d0a6c340ff72a7b6669053",
                "sha256:ffb9ef1de172603304d9d2819af6f5ece76f2e85ec10692a524dd876e72bf277"
            ],
            "version": "==2018.5"
        },
        "rx": {
            "hashes": [
                "sha256:13a1d8d9e252625c173dc795471e614eadfe1cf40ffc684e08b8fff0d9748c23",
                "sha256:7357592bc7e881a95e0c2013b73326f704953301ab551fbc8133a6fadab84105"
            ],
            "version": "==1.6.1"
        },
        "singledispatch": {
            "hashes": [
                "sha256:5b06af87df13818d14f08a028e42f566640aef80805c3b50c5056b086e3c2b9c",
                "sha256:833b46966687b3de7f438c761ac475213e53b306740f1abfaa86e1d1aae56aa8"
            ],
            "version": "==3.4.0.3"
        },
        "six": {
            "hashes": [
                "sha256:70e8a77beed4562e7f14fe23a786b54f6296e34344c23bc42f07b15018ff98e9",
                "sha256:832dc0e10feb1aa2c68dcc57dbb658f1c7e65b9b61af69048abc87a2db00a0eb"
            ],
            "version": "==1.11.0"
        },
        "twisted": {
            "hashes": [
                "sha256:5de7b79b26aee64efe63319bb8f037af88c21287d1502b39706c818065b3d5a4",
                "sha256:95ae985716e8107816d8d0df249d558dbaabb677987cc2ace45272c166b267e4"
            ],
            "version": "==18.7.0"
        },
        "txaio": {
            "hashes": [
                "sha256:4797f9f6a9866fe887c96abc0110a226dd5744c894dc3630870542597ad30853",
                "sha256:c25acd6c2ef7005a0cd50fa2b65deac409be2f3886e2fcd04f99fae827b179e4"
            ],
            "version": "==2.10.0"
        },
        "typing": {
            "hashes": [
                "sha256:3a887b021a77b292e151afb75323dea88a7bc1b3dfa92176cff8e44c8b68bddf",
                "sha256:b2c689d54e1144bbcfd191b0832980a21c2dbcf7b5ff7a66248a60c90e951eb8",
                "sha256:d400a9344254803a2368533e4533a4200d21eb7b6b729c173bc38201a74db3f2"
            ],
            "version": "==3.6.4"
        },
        "zope.interface": {
            "hashes": [
                "sha256:21506674d30c009271fe68a242d330c83b1b9d76d62d03d87e1e9528c61beea6",
                "sha256:3d184aff0756c44fff7de69eb4cd5b5311b6f452d4de28cb08343b3f21993763",
                "sha256:467d364b24cb398f76ad5e90398d71b9325eb4232be9e8a50d6a3b3c7a1c8789",
                "sha256:57c38470d9f57e37afb460c399eb254e7193ac7fb8042bd09bdc001981a9c74c",
                "sha256:9ada83f4384bbb12dedc152bcdd46a3ac9f5f7720d43ac3ce3e8e8b91d733c10",
                "sha256:a1daf9c5120f3cc6f2b5fef8e1d2a3fb7bbbb20ed4bfdc25bc8364bc62dcf54b",
                "sha256:e6b77ae84f2b8502d99a7855fa33334a1eb6159de45626905cb3e454c023f339",
                "sha256:e881ef610ff48aece2f4ee2af03d2db1a146dc7c705561bd6089b2356f61641f",
                "sha256:f41037260deaacb875db250021fe883bf536bf6414a4fd25b25059b02e31b120"
            ],
            "markers": "python_version != '3.3.*' and python_version != '3.1.*' and python_version != '3.0.*' and python_version != '3.2.*' and python_version >= '2.7'",
            "version": "==4.5.0"
        }
    },
    "develop": {}
}
